
Microsoft Visual Studio Solution File, Format Version 12.00
# Visual Studio Version 17
VisualStudioVersion = 17.4.33122.133
MinimumVisualStudioVersion = 10.0.40219.1
Project("{FAE04EC0-301F-11D3-BF4B-00C04F79EFBC}") = "Events_brachi_fishof", "Events_brachi_fishof\Events_brachi_fishof.csproj", "{FEB51674-4075-46CD-B88D-5ED2E99B6657}"
EndProject
Global
	GlobalSection(SolutionConfigurationPlatforms) = preSolution
		Debug|Any CPU = Debug|Any CPU
		Release|Any CPU = Release|Any CPU
	EndGlobalSection
	GlobalSection(ProjectConfigurationPlatforms) = postSolution
		{FEB51674-4075-46CD-B88D-5ED2E99B6657}.Debug|Any CPU.ActiveCfg = Debug|Any CPU
		{FEB51674-4075-46CD-B88D-5ED2E99B6657}.Debug|Any CPU.Build.0 = Debug|Any CPU
		{FEB51674-4075-46CD-B88D-5ED2E99B6657}.Release|Any CPU.ActiveCfg = Release|Any CPU
		{FEB51674-4075-46CD-B88D-5ED2E99B6657}.Release|Any CPU.Build.0 = Release|Any CPU
	EndGlobalSection
	GlobalSection(SolutionProperties) = preSolution
		HideSolutionNode = FALSE
	EndGlobalSection
	GlobalSection(ExtensibilityGlobals) = postSolution
		SolutionGuid = {34F52A01-7241-4BAC-8564-4FD8A0B9309A}
	EndGlobalSection
EndGlobal
